
Microsoft Visual Studio Solution File, Format Version 12.00
# Visual Studio Version 17
VisualStudioVersion = 17.7.34024.191
MinimumVisualStudioVersion = 10.0.40219.1
Project("{9A19103F-16F7-4668-BE54-9A1E7A4F7556}") = "Laba4Task2", "Laba4Task2.csproj", "{EAFC17D4-5E0A-44D7-8FB2-30EF9184D5E7}"
EndProject
Project("{9A19103F-16F7-4668-BE54-9A1E7A4F7556}") = "Extra1", "..\Extra1\Extra1.csproj", "{289AC435-089F-47EC-898D-49842035EE4E}"
EndProject
Project("{9A19103F-16F7-4668-BE54-9A1E7A4F7556}") = "Extra2", "..\Extra2\Extra2.csproj", "{76838A92-22EB-438A-BF9F-4CECFD82459F}"
EndProject
Project("{9A19103F-16F7-4668-BE54-9A1E7A4F7556}") = "Extra3", "..\Extra3\Extra3.csproj", "{DD48D9D5-AEDB-4C2C-8AF1-761F0041EB0C}"
EndProject
Project("{FAE04EC0-301F-11D3-BF4B-00C04F79EFBC}") = "Extra4", "..\Extra4\Extra4.csproj", "{6C99FC12-0601-49CA-9308-88843F623AFE}"
EndProject
Global
	GlobalSection(SolutionConfigurationPlatforms) = preSolution
		Debug|Any CPU = Debug|Any CPU
		Release|Any CPU = Release|Any CPU
	EndGlobalSection
	GlobalSection(ProjectConfigurationPlatforms) = postSolution
		{EAFC17D4-5E0A-44D7-8FB2-30EF9184D5E7}.Debug|Any CPU.ActiveCfg = Debug|Any CPU
		{EAFC17D4-5E0A-44D7-8FB2-30EF9184D5E7}.Debug|Any CPU.Build.0 = Debug|Any CPU
		{EAFC17D4-5E0A-44D7-8FB2-30EF9184D5E7}.Release|Any CPU.ActiveCfg = Release|Any CPU
		{EAFC17D4-5E0A-44D7-8FB2-30EF9184D5E7}.Release|Any CPU.Build.0 = Release|Any CPU
		{289AC435-089F-47EC-898D-49842035EE4E}.Debug|Any CPU.ActiveCfg = Debug|Any CPU
		{289AC435-089F-47EC-898D-49842035EE4E}.Debug|Any CPU.Build.0 = Debug|Any CPU
		{289AC435-089F-47EC-898D-49842035EE4E}.Release|Any CPU.ActiveCfg = Release|Any CPU
		{289AC435-089F-47EC-898D-49842035EE4E}.Release|Any CPU.Build.0 = Release|Any CPU
		{76838A92-22EB-438A-BF9F-4CECFD82459F}.Debug|Any CPU.ActiveCfg = Debug|Any CPU
		{76838A92-22EB-438A-BF9F-4CECFD82459F}.Debug|Any CPU.Build.0 = Debug|Any CPU
		{76838A92-22EB-438A-BF9F-4CECFD82459F}.Release|Any CPU.ActiveCfg = Release|Any CPU
		{76838A92-22EB-438A-BF9F-4CECFD82459F}.Release|Any CPU.Build.0 = Release|Any CPU
		{DD48D9D5-AEDB-4C2C-8AF1-761F0041EB0C}.Debug|Any CPU.ActiveCfg = Debug|Any CPU
		{DD48D9D5-AEDB-4C2C-8AF1-761F0041EB0C}.Debug|Any CPU.Build.0 = Debug|Any CPU
		{DD48D9D5-AEDB-4C2C-8AF1-761F0041EB0C}.Release|Any CPU.ActiveCfg = Release|Any CPU
		{DD48D9D5-AEDB-4C2C-8AF1-761F0041EB0C}.Release|Any CPU.Build.0 = Release|Any CPU
		{6C99FC12-0601-49CA-9308-88843F623AFE}.Debug|Any CPU.ActiveCfg = Debug|Any CPU
		{6C99FC12-0601-49CA-9308-88843F623AFE}.Debug|Any CPU.Build.0 = Debug|Any CPU
		{6C99FC12-0601-49CA-9308-88843F623AFE}.Release|Any CPU.ActiveCfg = Release|Any CPU
		{6C99FC12-0601-49CA-9308-88843F623AFE}.Release|Any CPU.Build.0 = Release|Any CPU
	EndGlobalSection
	GlobalSection(SolutionProperties) = preSolution
		HideSolutionNode = FALSE
	EndGlobalSection
	GlobalSection(ExtensibilityGlobals) = postSolution
		SolutionGuid = {2942035A-3D0A-49C0-A974-CE5C941BDA62}
	EndGlobalSection
EndGlobal
